
Microsoft Visual Studio Solution File, Format Version 12.00
# Visual Studio Version 17
VisualStudioVersion = 17.10.35027.167
MinimumVisualStudioVersion = 10.0.40219.1
Project("{9A19103F-16F7-4668-BE54-9A1E7A4F7556}") = "ABC_Car_Sale", "ABC_Car_Sale\ABC_Car_Sale.csproj", "{D82FE937-31B4-4A57-9B34-65A414328622}"
EndProject
Project("{54435603-DBB4-11D2-8724-00A0C9A8B90C}") = "ABC_setup", "ABC_setup\ABC_setup.vdproj", "{094DC5ED-9AE0-4D51-9EC2-E96970A2F60D}"
EndProject
Global
	GlobalSection(SolutionConfigurationPlatforms) = preSolution
		Debug|Any CPU = Debug|Any CPU
		Release|Any CPU = Release|Any CPU
	EndGlobalSection
	GlobalSection(ProjectConfigurationPlatforms) = postSolution
		{D82FE937-31B4-4A57-9B34-65A414328622}.Debug|Any CPU.ActiveCfg = Debug|Any CPU
		{D82FE937-31B4-4A57-9B34-65A414328622}.Debug|Any CPU.Build.0 = Debug|Any CPU
		{D82FE937-31B4-4A57-9B34-65A414328622}.Release|Any CPU.ActiveCfg = Release|Any CPU
		{D82FE937-31B4-4A57-9B34-65A414328622}.Release|Any CPU.Build.0 = Release|Any CPU
		{094DC5ED-9AE0-4D51-9EC2-E96970A2F60D}.Debug|Any CPU.ActiveCfg = Debug
		{094DC5ED-9AE0-4D51-9EC2-E96970A2F60D}.Release|Any CPU.ActiveCfg = Release
	EndGlobalSection
	GlobalSection(SolutionProperties) = preSolution
		HideSolutionNode = FALSE
	EndGlobalSection
	GlobalSection(ExtensibilityGlobals) = postSolution
		SolutionGuid = {C56EE06B-D27F-4E52-B1D8-73A79179780C}
	EndGlobalSection
EndGlobal
